#MicroXplorer Configuration settings - do not modify
Mcu.Family=STM32F0
NVIC.SysTick_IRQn=true\:0\:0\:false\:false\:true\:false\:true
ProjectManager.LastFirmware=true
ProjectManager.MainLocation=Core/Src
PB15.Mode=Full_Duplex_Master
ProjectManager.FirmwarePackage=STM32Cube FW_F0 V1.11.2
MxDb.Version=DB.6.0.21
ProjectManager.ProjectFileName=newbie-f030r8-can-sbx-rx.ioc
ProjectManager.BackupPrevious=false
MxCube.Version=6.2.1
ProjectManager.KeepUserCode=true
Mcu.UserName=STM32F030R8Tx
Mcu.PinsNb=7
PB14.Mode=Full_Duplex_Master
SPI2.VirtualType=VM_MASTER
ProjectManager.NoMain=false
File.Version=6
VP_SYS_VS_Systick.Mode=SysTick
SPI2.CalculateBaudRate=2.0 MBits/s
RCC.PLLCLKFreq_Value=8000000
NVIC.NonMaskableInt_IRQn=true\:0\:0\:false\:false\:true\:false\:false
PC7.Locked=true
NVIC.PendSV_IRQn=true\:0\:0\:false\:false\:true\:false\:false
ProjectManager.functionlistsort=1-MX_GPIO_Init-GPIO-false-HAL-true,2-SystemClock_Config-RCC-false-HAL-false,3-MX_SPI2_Init-SPI2-false-HAL-true
ProjectManager.FreePins=false
RCC.IPParameters=FamilyName,PLLCLKFreq_Value,PLLMCOFreq_Value,TimSysFreq_Value
ProjectManager.DefaultFWLocation=true
ProjectManager.AskForMigrate=true
Mcu.Name=STM32F030R8Tx
ProjectManager.HalAssertFull=false
PB12.Locked=true
NVIC.SVC_IRQn=true\:0\:0\:false\:false\:true\:false\:false
ProjectManager.DeletePrevious=true
ProjectManager.ProjectName=newbie-f030r8-can-sbx-rx
ProjectManager.UnderRoot=true
PB14.Locked=true
PB15.Signal=SPI2_MOSI
PB13.Signal=SPI2_SCK
RCC.PLLMCOFreq_Value=4000000
ProjectManager.CoupleFile=false
PinOutPanel.RotationAngle=0
Mcu.Package=LQFP64
PB1.Signal=GPIO_Output
RCC.FamilyName=M
RCC.TimSysFreq_Value=8000000
ProjectManager.StackSize=0x400
SPI2.Mode=SPI_MODE_MASTER
NVIC.ForceEnableDMAVector=true
KeepUserPlacement=false
ProjectManager.CompilerOptimize=6
Mcu.IP2=SPI2
ProjectManager.ToolChainLocation=
Mcu.IP3=SYS
VP_SYS_VS_Systick.Signal=SYS_VS_Systick
Mcu.IP0=NVIC
Mcu.IP1=RCC
ProjectManager.HeapSize=0x200
NVIC.HardFault_IRQn=true\:0\:0\:false\:false\:true\:false\:false
Mcu.UserConstants=
ProjectManager.TargetToolchain=STM32CubeIDE
ProjectManager.ComputerToolchain=false
Mcu.ThirdPartyNb=0
Mcu.IPNb=4
ProjectManager.PreviousToolchain=
PC7.Signal=GPIO_Output
SPI2.Direction=SPI_DIRECTION_2LINES
SPI2.IPParameters=VirtualType,Mode,Direction,CalculateBaudRate,BaudRatePrescaler
PB13.Mode=Full_Duplex_Master
Mcu.Pin6=VP_SYS_VS_Systick
ProjectManager.RegisterCallBack=
SPI2.BaudRatePrescaler=SPI_BAUDRATEPRESCALER_4
PB13.Locked=true
PB1.Locked=true
Mcu.Pin0=PB1
Mcu.Pin1=PB12
Mcu.Pin2=PB13
ProjectManager.CustomerFirmwarePackage=
Mcu.Pin3=PB14
ProjectManager.DeviceId=STM32F030R8Tx
Mcu.Pin4=PB15
Mcu.Pin5=PC7
PB14.Signal=SPI2_MISO
PB12.Signal=GPIO_Output
ProjectManager.LibraryCopy=1
ProjectManager.ProjectBuild=false
PB15.Locked=true
board=custom
isbadioc=false
